
Microsoft Visual Studio Solution File, Format Version 12.00
# Visual Studio Version 17
VisualStudioVersion = 17.10.35027.167
MinimumVisualStudioVersion = 10.0.40219.1
Project("{9A19103F-16F7-4668-BE54-9A1E7A4F7556}") = "Student-mangment", "Student-mangment\Student-mangment.csproj", "{0FF744D2-568B-49DF-B357-D37EB9D1A5CD}"
EndProject
Global
	GlobalSection(SolutionConfigurationPlatforms) = preSolution
		Debug|Any CPU = Debug|Any CPU
		Release|Any CPU = Release|Any CPU
	EndGlobalSection
	GlobalSection(ProjectConfigurationPlatforms) = postSolution
		{0FF744D2-568B-49DF-B357-D37EB9D1A5CD}.Debug|Any CPU.ActiveCfg = Debug|Any CPU
		{0FF744D2-568B-49DF-B357-D37EB9D1A5CD}.Debug|Any CPU.Build.0 = Debug|Any CPU
		{0FF744D2-568B-49DF-B357-D37EB9D1A5CD}.Release|Any CPU.ActiveCfg = Release|Any CPU
		{0FF744D2-568B-49DF-B357-D37EB9D1A5CD}.Release|Any CPU.Build.0 = Release|Any CPU
	EndGlobalSection
	GlobalSection(SolutionProperties) = preSolution
		HideSolutionNode = FALSE
	EndGlobalSection
	GlobalSection(ExtensibilityGlobals) = postSolution
		SolutionGuid = {178C3A13-B41D-49D8-B279-2F07B8D103B0}
	EndGlobalSection
EndGlobal
